
Microsoft Visual Studio Solution File, Format Version 12.00
# Visual Studio 15
VisualStudioVersion = 15.0.28010.2036
MinimumVisualStudioVersion = 10.0.40219.1
Project("{FAE04EC0-301F-11D3-BF4B-00C04F79EFBC}") = "sharexserv", "sharexserv\sharexserv.csproj", "{F89C478D-E13F-4DB1-B619-B3A8D85528C8}"
EndProject
Global
	GlobalSection(SolutionConfigurationPlatforms) = preSolution
		Debug|Any CPU = Debug|Any CPU
		Release|Any CPU = Release|Any CPU
	EndGlobalSection
	GlobalSection(ProjectConfigurationPlatforms) = postSolution
		{F89C478D-E13F-4DB1-B619-B3A8D85528C8}.Debug|Any CPU.ActiveCfg = Debug|Any CPU
		{F89C478D-E13F-4DB1-B619-B3A8D85528C8}.Debug|Any CPU.Build.0 = Debug|Any CPU
		{F89C478D-E13F-4DB1-B619-B3A8D85528C8}.Release|Any CPU.ActiveCfg = Release|Any CPU
		{F89C478D-E13F-4DB1-B619-B3A8D85528C8}.Release|Any CPU.Build.0 = Release|Any CPU
	EndGlobalSection
	GlobalSection(SolutionProperties) = preSolution
		HideSolutionNode = FALSE
	EndGlobalSection
	GlobalSection(ExtensibilityGlobals) = postSolution
		SolutionGuid = {C4C7C82B-1A62-434D-8B0C-9D93151F70FA}
	EndGlobalSection
EndGlobal
